
Microsoft Visual Studio Solution File, Format Version 12.00
# Visual Studio Version 17
VisualStudioVersion = 17.9.34622.214
MinimumVisualStudioVersion = 10.0.40219.1
Project("{FAE04EC0-301F-11D3-BF4B-00C04F79EFBC}") = "Parcial-2", "Parcial-2.csproj", "{CD99CA27-88B4-4497-B2E9-56E56D5EED42}"
EndProject
Global
	GlobalSection(SolutionConfigurationPlatforms) = preSolution
		Debug|Any CPU = Debug|Any CPU
		Release|Any CPU = Release|Any CPU
	EndGlobalSection
	GlobalSection(ProjectConfigurationPlatforms) = postSolution
		{CD99CA27-88B4-4497-B2E9-56E56D5EED42}.Debug|Any CPU.ActiveCfg = Debug|Any CPU
		{CD99CA27-88B4-4497-B2E9-56E56D5EED42}.Debug|Any CPU.Build.0 = Debug|Any CPU
		{CD99CA27-88B4-4497-B2E9-56E56D5EED42}.Release|Any CPU.ActiveCfg = Release|Any CPU
		{CD99CA27-88B4-4497-B2E9-56E56D5EED42}.Release|Any CPU.Build.0 = Release|Any CPU
	EndGlobalSection
	GlobalSection(SolutionProperties) = preSolution
		HideSolutionNode = FALSE
	EndGlobalSection
	GlobalSection(ExtensibilityGlobals) = postSolution
		SolutionGuid = {767345EA-A6F1-4D59-A719-A3EB9080D4E8}
	EndGlobalSection
EndGlobal
